
Microsoft Visual Studio Solution File, Format Version 12.00
# Visual Studio Version 17
VisualStudioVersion = 17.1.32228.430
MinimumVisualStudioVersion = 10.0.40219.1
Project("{9A19103F-16F7-4668-BE54-9A1E7A4F7556}") = "Zs.Bot.Data.PostgreSQL", "src\Zs.Bot.Data.PostgreSQL.csproj", "{2E1C77FE-9614-45DB-A2B2-ABE56D0D34EF}"
EndProject
Project("{FAE04EC0-301F-11D3-BF4B-00C04F79EFBC}") = "Zs.Bot.Data.PostgreSQL.IntegrationTests", "tests\Zs.Bot.Data.PostgreSQL.IntegrationTests\Zs.Bot.Data.PostgreSQL.IntegrationTests.csproj", "{990A02B5-A6ED-4547-AF0B-FCE30C9F3028}"
EndProject
Global
	GlobalSection(SolutionConfigurationPlatforms) = preSolution
		Debug|Any CPU = Debug|Any CPU
		Release|Any CPU = Release|Any CPU
	EndGlobalSection
	GlobalSection(ProjectConfigurationPlatforms) = postSolution
		{2E1C77FE-9614-45DB-A2B2-ABE56D0D34EF}.Debug|Any CPU.ActiveCfg = Debug|Any CPU
		{2E1C77FE-9614-45DB-A2B2-ABE56D0D34EF}.Debug|Any CPU.Build.0 = Debug|Any CPU
		{2E1C77FE-9614-45DB-A2B2-ABE56D0D34EF}.Release|Any CPU.ActiveCfg = Release|Any CPU
		{2E1C77FE-9614-45DB-A2B2-ABE56D0D34EF}.Release|Any CPU.Build.0 = Release|Any CPU
		{990A02B5-A6ED-4547-AF0B-FCE30C9F3028}.Debug|Any CPU.ActiveCfg = Debug|Any CPU
		{990A02B5-A6ED-4547-AF0B-FCE30C9F3028}.Debug|Any CPU.Build.0 = Debug|Any CPU
		{990A02B5-A6ED-4547-AF0B-FCE30C9F3028}.Release|Any CPU.ActiveCfg = Release|Any CPU
		{990A02B5-A6ED-4547-AF0B-FCE30C9F3028}.Release|Any CPU.Build.0 = Release|Any CPU
	EndGlobalSection
	GlobalSection(SolutionProperties) = preSolution
		HideSolutionNode = FALSE
	EndGlobalSection
	GlobalSection(ExtensibilityGlobals) = postSolution
		SolutionGuid = {35FFFD11-F45A-4C4D-8262-1FA47F7938A2}
	EndGlobalSection
EndGlobal
